
Microsoft Visual Studio Solution File, Format Version 12.00
# Visual Studio 14
VisualStudioVersion = 14.0.23107.0
MinimumVisualStudioVersion = 10.0.40219.1
Project("{FAE04EC0-301F-11D3-BF4B-00C04F79EFBC}") = "BluetoothPrinterPlugin", "BluetoothPrinterPlugin\BluetoothPrinterPlugin.csproj", "{EB03C445-3285-4C1A-B7A1-9D83CD8D1954}"
EndProject
Project("{FAE04EC0-301F-11D3-BF4B-00C04F79EFBC}") = "BluetoothPrinterPlugin.Droid", "BluetoothPrinterPlugin.Droid\BluetoothPrinterPlugin.Droid.csproj", "{591A9428-D14B-4025-AE99-F914AC3A06D3}"
EndProject
Project("{FAE04EC0-301F-11D3-BF4B-00C04F79EFBC}") = "BluetoothPrinterPlugin.Abstractions", "BluetoothPrinterPlugin.Abstractions\BluetoothPrinterPlugin.Abstractions.csproj", "{A8C12961-B0BC-4A3E-A22D-EDE4AB4C42F1}"
EndProject
Global
	GlobalSection(SolutionConfigurationPlatforms) = preSolution
		Debug|Any CPU = Debug|Any CPU
		Release|Any CPU = Release|Any CPU
	EndGlobalSection
	GlobalSection(ProjectConfigurationPlatforms) = postSolution
		{EB03C445-3285-4C1A-B7A1-9D83CD8D1954}.Debug|Any CPU.ActiveCfg = Debug|Any CPU
		{EB03C445-3285-4C1A-B7A1-9D83CD8D1954}.Debug|Any CPU.Build.0 = Debug|Any CPU
		{EB03C445-3285-4C1A-B7A1-9D83CD8D1954}.Release|Any CPU.ActiveCfg = Release|Any CPU
		{EB03C445-3285-4C1A-B7A1-9D83CD8D1954}.Release|Any CPU.Build.0 = Release|Any CPU
		{591A9428-D14B-4025-AE99-F914AC3A06D3}.Debug|Any CPU.ActiveCfg = Debug|Any CPU
		{591A9428-D14B-4025-AE99-F914AC3A06D3}.Debug|Any CPU.Build.0 = Debug|Any CPU
		{591A9428-D14B-4025-AE99-F914AC3A06D3}.Release|Any CPU.ActiveCfg = Release|Any CPU
		{591A9428-D14B-4025-AE99-F914AC3A06D3}.Release|Any CPU.Build.0 = Release|Any CPU
		{A8C12961-B0BC-4A3E-A22D-EDE4AB4C42F1}.Debug|Any CPU.ActiveCfg = Debug|Any CPU
		{A8C12961-B0BC-4A3E-A22D-EDE4AB4C42F1}.Debug|Any CPU.Build.0 = Debug|Any CPU
		{A8C12961-B0BC-4A3E-A22D-EDE4AB4C42F1}.Release|Any CPU.ActiveCfg = Release|Any CPU
		{A8C12961-B0BC-4A3E-A22D-EDE4AB4C42F1}.Release|Any CPU.Build.0 = Release|Any CPU
	EndGlobalSection
	GlobalSection(SolutionProperties) = preSolution
		HideSolutionNode = FALSE
	EndGlobalSection
EndGlobal
